
Microsoft Visual Studio Solution File, Format Version 12.00
# Visual Studio Version 17
VisualStudioVersion = 17.5.002.0
MinimumVisualStudioVersion = 10.0.40219.1
Project("{9A19103F-16F7-4668-BE54-9A1E7A4F7556}") = "NewProject", "NewProject\NewProject.csproj", "{8D5C243F-F2BA-4EE3-AFA1-7DB2D07C253D}"
EndProject
Project("{9A19103F-16F7-4668-BE54-9A1E7A4F7556}") = "NewProjectTestes", "NewProjectTestes\NewProjectTestes.csproj", "{D82AF7CA-8521-4454-92F9-60DD9FEF6BBA}"
EndProject
Global
	GlobalSection(SolutionConfigurationPlatforms) = preSolution
		Debug|Any CPU = Debug|Any CPU
		Release|Any CPU = Release|Any CPU
	EndGlobalSection
	GlobalSection(ProjectConfigurationPlatforms) = postSolution
		{8D5C243F-F2BA-4EE3-AFA1-7DB2D07C253D}.Debug|Any CPU.ActiveCfg = Debug|Any CPU
		{8D5C243F-F2BA-4EE3-AFA1-7DB2D07C253D}.Debug|Any CPU.Build.0 = Debug|Any CPU
		{8D5C243F-F2BA-4EE3-AFA1-7DB2D07C253D}.Release|Any CPU.ActiveCfg = Release|Any CPU
		{8D5C243F-F2BA-4EE3-AFA1-7DB2D07C253D}.Release|Any CPU.Build.0 = Release|Any CPU
		{D82AF7CA-8521-4454-92F9-60DD9FEF6BBA}.Debug|Any CPU.ActiveCfg = Debug|Any CPU
		{D82AF7CA-8521-4454-92F9-60DD9FEF6BBA}.Debug|Any CPU.Build.0 = Debug|Any CPU
		{D82AF7CA-8521-4454-92F9-60DD9FEF6BBA}.Release|Any CPU.ActiveCfg = Release|Any CPU
		{D82AF7CA-8521-4454-92F9-60DD9FEF6BBA}.Release|Any CPU.Build.0 = Release|Any CPU
	EndGlobalSection
	GlobalSection(SolutionProperties) = preSolution
		HideSolutionNode = FALSE
	EndGlobalSection
	GlobalSection(ExtensibilityGlobals) = postSolution
		SolutionGuid = {BA0CE3C7-AFA3-4583-BC28-E8023FCC867A}
	EndGlobalSection
EndGlobal
